
Microsoft Visual Studio Solution File, Format Version 12.00
# Visual Studio Version 17
VisualStudioVersion = 17.6.33815.320
MinimumVisualStudioVersion = 10.0.40219.1
Project("{FAE04EC0-301F-11D3-BF4B-00C04F79EFBC}") = "LeaveManagement", "LeaveManagement\LeaveManagement.csproj", "{6393E366-2FC4-4722-BB8D-D2797DDC4D43}"
EndProject
Global
	GlobalSection(SolutionConfigurationPlatforms) = preSolution
		Debug|Any CPU = Debug|Any CPU
		Release|Any CPU = Release|Any CPU
	EndGlobalSection
	GlobalSection(ProjectConfigurationPlatforms) = postSolution
		{6393E366-2FC4-4722-BB8D-D2797DDC4D43}.Debug|Any CPU.ActiveCfg = Debug|Any CPU
		{6393E366-2FC4-4722-BB8D-D2797DDC4D43}.Debug|Any CPU.Build.0 = Debug|Any CPU
		{6393E366-2FC4-4722-BB8D-D2797DDC4D43}.Release|Any CPU.ActiveCfg = Release|Any CPU
		{6393E366-2FC4-4722-BB8D-D2797DDC4D43}.Release|Any CPU.Build.0 = Release|Any CPU
	EndGlobalSection
	GlobalSection(SolutionProperties) = preSolution
		HideSolutionNode = FALSE
	EndGlobalSection
	GlobalSection(ExtensibilityGlobals) = postSolution
		SolutionGuid = {D197574F-BB8C-4E42-B577-165BA840011B}
	EndGlobalSection
EndGlobal
